
Microsoft Visual Studio Solution File, Format Version 12.00
# Visual Studio Version 17
VisualStudioVersion = 17.2.32630.192
MinimumVisualStudioVersion = 10.0.40219.1
Project("{FAE04EC0-301F-11D3-BF4B-00C04F79EFBC}") = "Structs", "Structs\Structs.csproj", "{0CCC85BB-B233-407D-A096-9D06F0ADAE5B}"
EndProject
Global
	GlobalSection(SolutionConfigurationPlatforms) = preSolution
		Debug|Any CPU = Debug|Any CPU
		Release|Any CPU = Release|Any CPU
	EndGlobalSection
	GlobalSection(ProjectConfigurationPlatforms) = postSolution
		{0CCC85BB-B233-407D-A096-9D06F0ADAE5B}.Debug|Any CPU.ActiveCfg = Debug|Any CPU
		{0CCC85BB-B233-407D-A096-9D06F0ADAE5B}.Debug|Any CPU.Build.0 = Debug|Any CPU
		{0CCC85BB-B233-407D-A096-9D06F0ADAE5B}.Release|Any CPU.ActiveCfg = Release|Any CPU
		{0CCC85BB-B233-407D-A096-9D06F0ADAE5B}.Release|Any CPU.Build.0 = Release|Any CPU
	EndGlobalSection
	GlobalSection(SolutionProperties) = preSolution
		HideSolutionNode = FALSE
	EndGlobalSection
	GlobalSection(ExtensibilityGlobals) = postSolution
		SolutionGuid = {5CB51A59-F281-4B20-86E4-D49A745369BA}
	EndGlobalSection
EndGlobal
